# THIS IS AN AUTOGENERATED FILE. DO NOT EDIT THIS FILE DIRECTLY.
# yarn lockfile v1


"@types/ioredis@^4.17.6":
  version "4.17.6"
  resolved "https://registry.npm.taobao.org/@types/ioredis/download/@types/ioredis-4.17.6.tgz#b3b8d6e9fed7f494da08d991d8110daab2e273b8"
  integrity sha1-s7jW6f7X9JTaCNmR2BENqrLic7g=
  dependencies:
    "@types/node" "*"

"@types/lodash@^4.14.152":
  version "4.14.162"
  resolved "https://registry.npm.taobao.org/@types/lodash/download/@types/lodash-4.14.162.tgz#65d78c397e0d883f44afbf1f7ba9867022411470"
  integrity sha1-ZdeMOX4NiD9Er78fe6mGcCJBFHA=

"@types/node@*", "@types/node@^14.11.11":
  version "14.11.11"
  resolved "https://registry.npm.taobao.org/@types/node/download/@types/node-14.11.11.tgz#359ea52236b5ccc04a71d4001c8467178a9d3699"
  integrity sha1-NZ6lIja1zMBKcdQAHIRnF4qdNpk=

axios@^0.19.2:
  version "0.19.2"
  resolved "https://registry.npm.taobao.org/axios/download/axios-0.19.2.tgz#3ea36c5d8818d0d5f8a8a97a6d36b86cdc00cb27"
  integrity sha1-PqNsXYgY0NX4qKl6bTa4bNwAyyc=
  dependencies:
    follow-redirects "1.5.10"

cluster-key-slot@^1.1.0:
  version "1.1.0"
  resolved "https://registry.npm.taobao.org/cluster-key-slot/download/cluster-key-slot-1.1.0.tgz#30474b2a981fb12172695833052bc0d01336d10d"
  integrity sha1-MEdLKpgfsSFyaVgzBSvA0BM20Q0=

coa-echo@^1.0.8:
  version "1.0.8"
  resolved "https://registry.npm.taobao.org/coa-echo/download/coa-echo-1.0.8.tgz#0347b947d37d68d03b9058f822dc0f65499210a8"
  integrity sha1-A0e5R9N9aNA7kFj4ItwPZUmSEKg=

coa-env@^1.0.2:
  version "1.0.2"
  resolved "https://registry.npm.taobao.org/coa-env/download/coa-env-1.0.2.tgz#fe8de04b88a53503b92c904bbb7de49aa72f704e"
  integrity sha1-/o3gS4ilNQO5LJBLu33kmqcvcE4=
  dependencies:
    extend2 "^1.0.0"

coa-error@^1.0.4:
  version "1.0.4"
  resolved "https://registry.npm.taobao.org/coa-error/download/coa-error-1.0.4.tgz#d93955d91d6361619a432e8ace67c591e71c15e1"
  integrity sha1-2TlV2R1jYWGaQy6KzmfFkeccFeE=

coa-helper@^1.0.5:
  version "1.0.6"
  resolved "https://registry.npm.taobao.org/coa-helper/download/coa-helper-1.0.6.tgz#95f5c7c489c3cc01485a3794b7bab3912b176fca"
  integrity sha1-lfXHxInDzAFIWjeUt7qzkSsXb8o=
  dependencies:
    "@types/lodash" "^4.14.152"
    axios "^0.19.2"
    dayjs "^1.8.27"
    hashids "^2.2.1"
    lodash "^4.17.15"

dayjs@^1.8.27:
  version "1.9.3"
  resolved "https://registry.npm.taobao.org/dayjs/download/dayjs-1.9.3.tgz?cache=0&sync_timestamp=1602580746115&other_urls=https%3A%2F%2Fregistry.npm.taobao.org%2Fdayjs%2Fdownload%2Fdayjs-1.9.3.tgz#b7f94b22ad2a136a4ca02a01ab68ae893fe1a268"
  integrity sha1-t/lLIq0qE2pMoCoBq2iuiT/homg=

debug@=3.1.0:
  version "3.1.0"
  resolved "https://registry.npm.taobao.org/debug/download/debug-3.1.0.tgz?cache=0&sync_timestamp=1600502826356&other_urls=https%3A%2F%2Fregistry.npm.taobao.org%2Fdebug%2Fdownload%2Fdebug-3.1.0.tgz#5bb5a0672628b64149566ba16819e61518c67261"
  integrity sha1-W7WgZyYotkFJVmuhaBnmFRjGcmE=
  dependencies:
    ms "2.0.0"

debug@^4.1.1:
  version "4.2.0"
  resolved "https://registry.npm.taobao.org/debug/download/debug-4.2.0.tgz?cache=0&sync_timestamp=1600502826356&other_urls=https%3A%2F%2Fregistry.npm.taobao.org%2Fdebug%2Fdownload%2Fdebug-4.2.0.tgz#7f150f93920e94c58f5574c2fd01a3110effe7f1"
  integrity sha1-fxUPk5IOlMWPVXTC/QGjEQ7/5/E=
  dependencies:
    ms "2.1.2"

denque@^1.1.0:
  version "1.4.1"
  resolved "https://registry.npm.taobao.org/denque/download/denque-1.4.1.tgz#6744ff7641c148c3f8a69c307e51235c1f4a37cf"
  integrity sha1-Z0T/dkHBSMP4ppwwflEjXB9KN88=

extend2@^1.0.0:
  version "1.0.0"
  resolved "https://registry.npm.taobao.org/extend2/download/extend2-1.0.0.tgz#0425a989b4dac2a486a32257f5140103756a7a3c"
  integrity sha1-BCWpibTawqSGoyJX9RQBA3Vqejw=

follow-redirects@1.5.10:
  version "1.5.10"
  resolved "https://registry.npm.taobao.org/follow-redirects/download/follow-redirects-1.5.10.tgz#7b7a9f9aea2fdff36786a94ff643ed07f4ff5e2a"
  integrity sha1-e3qfmuov3/NnhqlP9kPtB/T/Xio=
  dependencies:
    debug "=3.1.0"

hashids@^2.2.1:
  version "2.2.1"
  resolved "https://registry.npm.taobao.org/hashids/download/hashids-2.2.1.tgz#ad0c600f0083aa0df7451dfd184e53db34f71289"
  integrity sha1-rQxgDwCDqg33RR39GE5T2zT3Eok=

ioredis@^4.17.3:
  version "4.17.3"
  resolved "https://registry.npm.taobao.org/ioredis/download/ioredis-4.17.3.tgz#9938c60e4ca685f75326337177bdc2e73ae9c9dc"
  integrity sha1-mTjGDkymhfdTJjNxd73C5zrpydw=
  dependencies:
    cluster-key-slot "^1.1.0"
    debug "^4.1.1"
    denque "^1.1.0"
    lodash.defaults "^4.2.0"
    lodash.flatten "^4.4.0"
    redis-commands "1.5.0"
    redis-errors "^1.2.0"
    redis-parser "^3.0.0"
    standard-as-callback "^2.0.1"

lodash.defaults@^4.2.0:
  version "4.2.0"
  resolved "https://registry.npm.taobao.org/lodash.defaults/download/lodash.defaults-4.2.0.tgz#d09178716ffea4dde9e5fb7b37f6f0802274580c"
  integrity sha1-0JF4cW/+pN3p5ft7N/bwgCJ0WAw=

lodash.flatten@^4.4.0:
  version "4.4.0"
  resolved "https://registry.npm.taobao.org/lodash.flatten/download/lodash.flatten-4.4.0.tgz#f31c22225a9632d2bbf8e4addbef240aa765a61f"
  integrity sha1-8xwiIlqWMtK7+OSt2+8kCqdlph8=

lodash@^4.17.15:
  version "4.17.20"
  resolved "https://registry.npm.taobao.org/lodash/download/lodash-4.17.20.tgz#b44a9b6297bcb698f1c51a3545a2b3b368d59c52"
  integrity sha1-tEqbYpe8tpjxxRo1RaKzs2jVnFI=

ms@2.0.0:
  version "2.0.0"
  resolved "https://registry.npm.taobao.org/ms/download/ms-2.0.0.tgz#5608aeadfc00be6c2901df5f9861788de0d597c8"
  integrity sha1-VgiurfwAvmwpAd9fmGF4jeDVl8g=

ms@2.1.2:
  version "2.1.2"
  resolved "https://registry.npm.taobao.org/ms/download/ms-2.1.2.tgz#d09d1f357b443f493382a8eb3ccd183872ae6009"
  integrity sha1-0J0fNXtEP0kzgqjrPM0YOHKuYAk=

redis-commands@1.5.0:
  version "1.5.0"
  resolved "https://registry.npm.taobao.org/redis-commands/download/redis-commands-1.5.0.tgz#80d2e20698fe688f227127ff9e5164a7dd17e785"
  integrity sha1-gNLiBpj+aI8icSf/nlFkp90X54U=

redis-errors@^1.0.0, redis-errors@^1.2.0:
  version "1.2.0"
  resolved "https://registry.npm.taobao.org/redis-errors/download/redis-errors-1.2.0.tgz#eb62d2adb15e4eaf4610c04afe1529384250abad"
  integrity sha1-62LSrbFeTq9GEMBK/hUpOEJQq60=

redis-parser@^3.0.0:
  version "3.0.0"
  resolved "https://registry.npm.taobao.org/redis-parser/download/redis-parser-3.0.0.tgz#b66d828cdcafe6b4b8a428a7def4c6bcac31c8b4"
  integrity sha1-tm2CjNyv5rS4pCin3vTGvKwxyLQ=
  dependencies:
    redis-errors "^1.0.0"

standard-as-callback@^2.0.1:
  version "2.0.1"
  resolved "https://registry.npm.taobao.org/standard-as-callback/download/standard-as-callback-2.0.1.tgz#ed8bb25648e15831759b6023bdb87e6b60b38126"
  integrity sha1-7YuyVkjhWDF1m2Ajvbh+a2CzgSY=

typescript@^4.0.3:
  version "4.0.3"
  resolved "https://registry.npm.taobao.org/typescript/download/typescript-4.0.3.tgz#153bbd468ef07725c1df9c77e8b453f8d36abba5"
  integrity sha1-FTu9Ro7wdyXB35x36LRT+NNqu6U=
