# THIS IS AN AUTOGENERATED FILE. DO NOT EDIT THIS FILE DIRECTLY.
# yarn lockfile v1


"@types/ioredis@^4.16.3":
  version "4.16.3"
  resolved "https://registry.npmjs.org/@types/ioredis/-/ioredis-4.16.3.tgz#385ab1662620e1066334291a02cc70d8756da673"
  integrity sha512-hE9HUayptwyZRIhRM2FF4vDmond4Yxylpjpri0qBvs7Rw4tFJnM+fdb2PbpU+PKKkPuFBGKnkrGSgwqeUmCJ2Q==
  dependencies:
    "@types/node" "*"

"@types/lodash@^4.14.152":
  version "4.14.154"
  resolved "https://registry.npmjs.org/@types/lodash/-/lodash-4.14.154.tgz#069e3c703fdb264e67be9e03b20a640bc0198ecc"
  integrity sha512-VoDZIJmg3P8vPEnTldLvgA+q7RkIbVkbYX4k0cAVFzGAOQwUehVgRHgIr2/wepwivDst/rVRqaiBSjCXRnoWwQ==

"@types/node@*":
  version "14.0.5"
  resolved "https://registry.npmjs.org/@types/node/-/node-14.0.5.tgz#3d03acd3b3414cf67faf999aed11682ed121f22b"
  integrity sha512-90hiq6/VqtQgX8Sp0EzeIsv3r+ellbGj4URKj5j30tLlZvRUpnAe9YbYnjl3pJM93GyXU0tghHhvXHq+5rnCKA==

"@types/node@^14.0.9":
  version "14.0.9"
  resolved "https://registry.npmjs.org/@types/node/-/node-14.0.9.tgz#43896ab87fc82bda1dfd600cdf44a0c8a64e11d2"
  integrity sha512-0sCTiXKXELOBxvZLN4krQ0FPOAA7ij+6WwvD0k/PHd9/KAkr4dXel5J9fh6F4x1FwAQILqAWkmpeuS6mjf1iKA==

axios@^0.19.2:
  version "0.19.2"
  resolved "https://registry.npmjs.org/axios/-/axios-0.19.2.tgz#3ea36c5d8818d0d5f8a8a97a6d36b86cdc00cb27"
  integrity sha512-fjgm5MvRHLhx+osE2xoekY70AhARk3a6hkN+3Io1jc00jtquGvxYlKlsFUhmUET0V5te6CcZI7lcv2Ym61mjHA==
  dependencies:
    follow-redirects "1.5.10"

cluster-key-slot@^1.1.0:
  version "1.1.0"
  resolved "https://registry.npmjs.org/cluster-key-slot/-/cluster-key-slot-1.1.0.tgz#30474b2a981fb12172695833052bc0d01336d10d"
  integrity sha512-2Nii8p3RwAPiFwsnZvukotvow2rIHM+yQ6ZcBXGHdniadkYGZYiGmkHJIbZPIV9nfv7m/U1IPMVVcAhoWFeklw==

coa-echo@^1.0.8:
  version "1.0.8"
  resolved "https://registry.npmjs.org/coa-echo/-/coa-echo-1.0.8.tgz#0347b947d37d68d03b9058f822dc0f65499210a8"
  integrity sha512-0ap+N+merkETH4QzP81GTUv96t7SWfwiYrhhxW+kmR6Te7GculaklomRsmgBN//5lIif5Gd/OCt8l8r7igrfMA==

coa-env@^1.0.2:
  version "1.0.2"
  resolved "https://registry.npmjs.org/coa-env/-/coa-env-1.0.2.tgz#fe8de04b88a53503b92c904bbb7de49aa72f704e"
  integrity sha512-H6Ozw3WpB+cCxzNmvZgx2sHf/e0fMxanCKqT7z9tzLRm/A3MSa9hYbHf9N03yTCOFCrFid4seELsN9s0yQnMJg==
  dependencies:
    extend2 "^1.0.0"

coa-error@^1.0.4:
  version "1.0.4"
  resolved "https://registry.npmjs.org/coa-error/-/coa-error-1.0.4.tgz#d93955d91d6361619a432e8ace67c591e71c15e1"
  integrity sha512-/REkH/pUHX68JJqzeeL9A66MftlLkIw513iJaKtbxy9KidqVnVsbZecdBwz0zmRzK027PspiWtfEEGM92ZrU3Q==

coa-helper@^1.0.5:
  version "1.0.6"
  resolved "https://registry.npmjs.org/coa-helper/-/coa-helper-1.0.6.tgz#95f5c7c489c3cc01485a3794b7bab3912b176fca"
  integrity sha512-tLKGaILVd7eAXA4fu0Nk0mpldQr8/MwpDNklRp+kOfECYgKIH7YJZUIl9japx5oj/b5UDn2Mz7L6wh22JGgOEQ==
  dependencies:
    "@types/lodash" "^4.14.152"
    axios "^0.19.2"
    dayjs "^1.8.27"
    hashids "^2.2.1"
    lodash "^4.17.15"

dayjs@^1.8.27:
  version "1.8.28"
  resolved "https://registry.npmjs.org/dayjs/-/dayjs-1.8.28.tgz#37aa6201df483d089645cb6c8f6cef6f0c4dbc07"
  integrity sha512-ccnYgKC0/hPSGXxj7Ju6AV/BP4HUkXC2u15mikXT5mX9YorEaoi1bEKOmAqdkJHN4EEkmAf97SpH66Try5Mbeg==

debug@=3.1.0:
  version "3.1.0"
  resolved "https://registry.npmjs.org/debug/-/debug-3.1.0.tgz#5bb5a0672628b64149566ba16819e61518c67261"
  integrity sha512-OX8XqP7/1a9cqkxYw2yXss15f26NKWBpDXQd0/uK/KPqdQhxbPa994hnzjcE2VqQpDslf55723cKPUOGSmMY3g==
  dependencies:
    ms "2.0.0"

debug@^4.1.1:
  version "4.1.1"
  resolved "https://registry.npmjs.org/debug/-/debug-4.1.1.tgz#3b72260255109c6b589cee050f1d516139664791"
  integrity sha512-pYAIzeRo8J6KPEaJ0VWOh5Pzkbw/RetuzehGM7QRRX5he4fPHx2rdKMB256ehJCkX+XRQm16eZLqLNS8RSZXZw==
  dependencies:
    ms "^2.1.1"

denque@^1.1.0:
  version "1.4.1"
  resolved "https://registry.npmjs.org/denque/-/denque-1.4.1.tgz#6744ff7641c148c3f8a69c307e51235c1f4a37cf"
  integrity sha512-OfzPuSZKGcgr96rf1oODnfjqBFmr1DVoc/TrItj3Ohe0Ah1C5WX5Baquw/9U9KovnQ88EqmJbD66rKYUQYN1tQ==

extend2@^1.0.0:
  version "1.0.0"
  resolved "https://registry.npmjs.org/extend2/-/extend2-1.0.0.tgz#0425a989b4dac2a486a32257f5140103756a7a3c"
  integrity sha1-BCWpibTawqSGoyJX9RQBA3Vqejw=

follow-redirects@1.5.10:
  version "1.5.10"
  resolved "https://registry.npmjs.org/follow-redirects/-/follow-redirects-1.5.10.tgz#7b7a9f9aea2fdff36786a94ff643ed07f4ff5e2a"
  integrity sha512-0V5l4Cizzvqt5D44aTXbFZz+FtyXV1vrDN6qrelxtfYQKW0KO0W2T/hkE8xvGa/540LkZlkaUjO4ailYTFtHVQ==
  dependencies:
    debug "=3.1.0"

hashids@^2.2.1:
  version "2.2.1"
  resolved "https://registry.npmjs.org/hashids/-/hashids-2.2.1.tgz#ad0c600f0083aa0df7451dfd184e53db34f71289"
  integrity sha512-+hQeKWwpSDiWFeu/3jKUvwboE4Z035gR6FnpscbHPOEEjCbgv2px9/Mlb3O0nOTRyZOw4MMFRYfVL3zctOV6OQ==

ioredis@^4.17.3:
  version "4.17.3"
  resolved "https://registry.npmjs.org/ioredis/-/ioredis-4.17.3.tgz#9938c60e4ca685f75326337177bdc2e73ae9c9dc"
  integrity sha512-iRvq4BOYzNFkDnSyhx7cmJNOi1x/HWYe+A4VXHBu4qpwJaGT1Mp+D2bVGJntH9K/Z/GeOM/Nprb8gB3bmitz1Q==
  dependencies:
    cluster-key-slot "^1.1.0"
    debug "^4.1.1"
    denque "^1.1.0"
    lodash.defaults "^4.2.0"
    lodash.flatten "^4.4.0"
    redis-commands "1.5.0"
    redis-errors "^1.2.0"
    redis-parser "^3.0.0"
    standard-as-callback "^2.0.1"

lodash.defaults@^4.2.0:
  version "4.2.0"
  resolved "https://registry.npmjs.org/lodash.defaults/-/lodash.defaults-4.2.0.tgz#d09178716ffea4dde9e5fb7b37f6f0802274580c"
  integrity sha1-0JF4cW/+pN3p5ft7N/bwgCJ0WAw=

lodash.flatten@^4.4.0:
  version "4.4.0"
  resolved "https://registry.npmjs.org/lodash.flatten/-/lodash.flatten-4.4.0.tgz#f31c22225a9632d2bbf8e4addbef240aa765a61f"
  integrity sha1-8xwiIlqWMtK7+OSt2+8kCqdlph8=

lodash@^4.17.15:
  version "4.17.15"
  resolved "https://registry.npmjs.org/lodash/-/lodash-4.17.15.tgz#b447f6670a0455bbfeedd11392eff330ea097548"
  integrity sha512-8xOcRHvCjnocdS5cpwXQXVzmmh5e5+saE2QGoeQmbKmRS6J3VQppPOIt0MnmE+4xlZoumy0GPG0D0MVIQbNA1A==

ms@2.0.0:
  version "2.0.0"
  resolved "https://registry.npmjs.org/ms/-/ms-2.0.0.tgz#5608aeadfc00be6c2901df5f9861788de0d597c8"
  integrity sha1-VgiurfwAvmwpAd9fmGF4jeDVl8g=

ms@^2.1.1:
  version "2.1.2"
  resolved "https://registry.npmjs.org/ms/-/ms-2.1.2.tgz#d09d1f357b443f493382a8eb3ccd183872ae6009"
  integrity sha512-sGkPx+VjMtmA6MX27oA4FBFELFCZZ4S4XqeGOXCv68tT+jb3vk/RyaKWP0PTKyWtmLSM0b+adUTEvbs1PEaH2w==

redis-commands@1.5.0:
  version "1.5.0"
  resolved "https://registry.npmjs.org/redis-commands/-/redis-commands-1.5.0.tgz#80d2e20698fe688f227127ff9e5164a7dd17e785"
  integrity sha512-6KxamqpZ468MeQC3bkWmCB1fp56XL64D4Kf0zJSwDZbVLLm7KFkoIcHrgRvQ+sk8dnhySs7+yBg94yIkAK7aJg==

redis-errors@^1.0.0, redis-errors@^1.2.0:
  version "1.2.0"
  resolved "https://registry.npmjs.org/redis-errors/-/redis-errors-1.2.0.tgz#eb62d2adb15e4eaf4610c04afe1529384250abad"
  integrity sha1-62LSrbFeTq9GEMBK/hUpOEJQq60=

redis-parser@^3.0.0:
  version "3.0.0"
  resolved "https://registry.npmjs.org/redis-parser/-/redis-parser-3.0.0.tgz#b66d828cdcafe6b4b8a428a7def4c6bcac31c8b4"
  integrity sha1-tm2CjNyv5rS4pCin3vTGvKwxyLQ=
  dependencies:
    redis-errors "^1.0.0"

standard-as-callback@^2.0.1:
  version "2.0.1"
  resolved "https://registry.npmjs.org/standard-as-callback/-/standard-as-callback-2.0.1.tgz#ed8bb25648e15831759b6023bdb87e6b60b38126"
  integrity sha512-NQOxSeB8gOI5WjSaxjBgog2QFw55FV8TkS6Y07BiB3VJ8xNTvUYm0wl0s8ObgQ5NhdpnNfigMIKjgPESzgr4tg==

typescript@^3.9.3:
  version "3.9.3"
  resolved "https://registry.npmjs.org/typescript/-/typescript-3.9.3.tgz#d3ac8883a97c26139e42df5e93eeece33d610b8a"
  integrity sha512-D/wqnB2xzNFIcoBG9FG8cXRDjiqSTbG2wd8DMZeQyJlP1vfTkIxH4GKveWaEBYySKIg+USu+E+EDIR47SqnaMQ==
