# THIS IS AN AUTOGENERATED FILE. DO NOT EDIT THIS FILE DIRECTLY.
# yarn lockfile v1


"@types/ioredis@^4.17.7":
  version "4.17.7"
  resolved "https://registry.npm.taobao.org/@types/ioredis/download/@types/ioredis-4.17.7.tgz#5007a56380fd387315efabc6c777c050feabb121"
  integrity sha1-UAelY4D9OHMV76vGx3fAUP6rsSE=
  dependencies:
    "@types/node" "*"

"@types/lodash@^4.14.152":
  version "4.14.165"
  resolved "https://registry.npm.taobao.org/@types/lodash/download/@types/lodash-4.14.165.tgz?cache=0&sync_timestamp=1604600563068&other_urls=https%3A%2F%2Fregistry.npm.taobao.org%2F%40types%2Flodash%2Fdownload%2F%40types%2Flodash-4.14.165.tgz#74d55d947452e2de0742bad65270433b63a8c30f"
  integrity sha1-dNVdlHRS4t4HQrrWUnBDO2Ooww8=

"@types/node@*", "@types/node@^14.14.7":
  version "14.14.7"
  resolved "https://registry.npm.taobao.org/@types/node/download/@types/node-14.14.7.tgz#8ea1e8f8eae2430cf440564b98c6dfce1ec5945d"
  integrity sha1-jqHo+OriQwz0QFZLmMbfzh7FlF0=

axios@^0.19.2:
  version "0.19.2"
  resolved "https://registry.npm.taobao.org/axios/download/axios-0.19.2.tgz?cache=0&sync_timestamp=1603468783865&other_urls=https%3A%2F%2Fregistry.npm.taobao.org%2Faxios%2Fdownload%2Faxios-0.19.2.tgz#3ea36c5d8818d0d5f8a8a97a6d36b86cdc00cb27"
  integrity sha1-PqNsXYgY0NX4qKl6bTa4bNwAyyc=
  dependencies:
    follow-redirects "1.5.10"

cluster-key-slot@^1.1.0:
  version "1.1.0"
  resolved "https://registry.npm.taobao.org/cluster-key-slot/download/cluster-key-slot-1.1.0.tgz#30474b2a981fb12172695833052bc0d01336d10d"
  integrity sha1-MEdLKpgfsSFyaVgzBSvA0BM20Q0=

coa-echo@^1.0.8:
  version "1.0.8"
  resolved "https://registry.npm.taobao.org/coa-echo/download/coa-echo-1.0.8.tgz#0347b947d37d68d03b9058f822dc0f65499210a8"
  integrity sha1-A0e5R9N9aNA7kFj4ItwPZUmSEKg=

coa-error@^1.1.2:
  version "1.1.2"
  resolved "https://registry.npm.taobao.org/coa-error/download/coa-error-1.1.2.tgz?cache=0&sync_timestamp=1605088436640&other_urls=https%3A%2F%2Fregistry.npm.taobao.org%2Fcoa-error%2Fdownload%2Fcoa-error-1.1.2.tgz#ea5a66cff2fdf9a28e77c5a5af041e40391c7770"
  integrity sha1-6lpmz/L9+aKOd8WlrwQeQDkcd3A=

coa-helper@^1.0.5:
  version "1.0.6"
  resolved "https://registry.npm.taobao.org/coa-helper/download/coa-helper-1.0.6.tgz#95f5c7c489c3cc01485a3794b7bab3912b176fca"
  integrity sha1-lfXHxInDzAFIWjeUt7qzkSsXb8o=
  dependencies:
    "@types/lodash" "^4.14.152"
    axios "^0.19.2"
    dayjs "^1.8.27"
    hashids "^2.2.1"
    lodash "^4.17.15"

dayjs@^1.8.27:
  version "1.9.6"
  resolved "https://registry.npm.taobao.org/dayjs/download/dayjs-1.9.6.tgz#6f0c77d76ac1ff63720dd1197e5cb87b67943d70"
  integrity sha1-bwx312rB/2NyDdEZfly4e2eUPXA=

debug@=3.1.0:
  version "3.1.0"
  resolved "https://registry.npm.taobao.org/debug/download/debug-3.1.0.tgz?cache=0&sync_timestamp=1600502826356&other_urls=https%3A%2F%2Fregistry.npm.taobao.org%2Fdebug%2Fdownload%2Fdebug-3.1.0.tgz#5bb5a0672628b64149566ba16819e61518c67261"
  integrity sha1-W7WgZyYotkFJVmuhaBnmFRjGcmE=
  dependencies:
    ms "2.0.0"

debug@^4.1.1:
  version "4.2.0"
  resolved "https://registry.npm.taobao.org/debug/download/debug-4.2.0.tgz?cache=0&sync_timestamp=1600502826356&other_urls=https%3A%2F%2Fregistry.npm.taobao.org%2Fdebug%2Fdownload%2Fdebug-4.2.0.tgz#7f150f93920e94c58f5574c2fd01a3110effe7f1"
  integrity sha1-fxUPk5IOlMWPVXTC/QGjEQ7/5/E=
  dependencies:
    ms "2.1.2"

denque@^1.1.0:
  version "1.4.1"
  resolved "https://registry.npm.taobao.org/denque/download/denque-1.4.1.tgz#6744ff7641c148c3f8a69c307e51235c1f4a37cf"
  integrity sha1-Z0T/dkHBSMP4ppwwflEjXB9KN88=

follow-redirects@1.5.10:
  version "1.5.10"
  resolved "https://registry.npm.taobao.org/follow-redirects/download/follow-redirects-1.5.10.tgz#7b7a9f9aea2fdff36786a94ff643ed07f4ff5e2a"
  integrity sha1-e3qfmuov3/NnhqlP9kPtB/T/Xio=
  dependencies:
    debug "=3.1.0"

hashids@^2.2.1:
  version "2.2.2"
  resolved "https://registry.npm.taobao.org/hashids/download/hashids-2.2.2.tgz#5381257b34f0d0aca2063967b14a30a9312f650d"
  integrity sha1-U4ElezTw0KyiBjlnsUowqTEvZQ0=

ioredis@^4.19.2:
  version "4.19.2"
  resolved "https://registry.npm.taobao.org/ioredis/download/ioredis-4.19.2.tgz#e3eab394c653cea5aea07c0c784d8c772dce8801"
  integrity sha1-4+qzlMZTzqWuoHwMeE2Mdy3OiAE=
  dependencies:
    cluster-key-slot "^1.1.0"
    debug "^4.1.1"
    denque "^1.1.0"
    lodash.defaults "^4.2.0"
    lodash.flatten "^4.4.0"
    p-map "^2.1.0"
    redis-commands "1.6.0"
    redis-errors "^1.2.0"
    redis-parser "^3.0.0"
    standard-as-callback "^2.0.1"

lodash.defaults@^4.2.0:
  version "4.2.0"
  resolved "https://registry.npm.taobao.org/lodash.defaults/download/lodash.defaults-4.2.0.tgz#d09178716ffea4dde9e5fb7b37f6f0802274580c"
  integrity sha1-0JF4cW/+pN3p5ft7N/bwgCJ0WAw=

lodash.flatten@^4.4.0:
  version "4.4.0"
  resolved "https://registry.npm.taobao.org/lodash.flatten/download/lodash.flatten-4.4.0.tgz#f31c22225a9632d2bbf8e4addbef240aa765a61f"
  integrity sha1-8xwiIlqWMtK7+OSt2+8kCqdlph8=

lodash@^4.17.15:
  version "4.17.20"
  resolved "https://registry.npm.taobao.org/lodash/download/lodash-4.17.20.tgz#b44a9b6297bcb698f1c51a3545a2b3b368d59c52"
  integrity sha1-tEqbYpe8tpjxxRo1RaKzs2jVnFI=

ms@2.0.0:
  version "2.0.0"
  resolved "https://registry.npm.taobao.org/ms/download/ms-2.0.0.tgz#5608aeadfc00be6c2901df5f9861788de0d597c8"
  integrity sha1-VgiurfwAvmwpAd9fmGF4jeDVl8g=

ms@2.1.2:
  version "2.1.2"
  resolved "https://registry.npm.taobao.org/ms/download/ms-2.1.2.tgz#d09d1f357b443f493382a8eb3ccd183872ae6009"
  integrity sha1-0J0fNXtEP0kzgqjrPM0YOHKuYAk=

p-map@^2.1.0:
  version "2.1.0"
  resolved "https://registry.npm.taobao.org/p-map/download/p-map-2.1.0.tgz#310928feef9c9ecc65b68b17693018a665cea175"
  integrity sha1-MQko/u+cnsxltosXaTAYpmXOoXU=

redis-commands@1.6.0:
  version "1.6.0"
  resolved "https://registry.npm.taobao.org/redis-commands/download/redis-commands-1.6.0.tgz#36d4ca42ae9ed29815cdb30ad9f97982eba1ce23"
  integrity sha1-NtTKQq6e0pgVzbMK2fl5guuhziM=

redis-errors@^1.0.0, redis-errors@^1.2.0:
  version "1.2.0"
  resolved "https://registry.npm.taobao.org/redis-errors/download/redis-errors-1.2.0.tgz#eb62d2adb15e4eaf4610c04afe1529384250abad"
  integrity sha1-62LSrbFeTq9GEMBK/hUpOEJQq60=

redis-parser@^3.0.0:
  version "3.0.0"
  resolved "https://registry.npm.taobao.org/redis-parser/download/redis-parser-3.0.0.tgz#b66d828cdcafe6b4b8a428a7def4c6bcac31c8b4"
  integrity sha1-tm2CjNyv5rS4pCin3vTGvKwxyLQ=
  dependencies:
    redis-errors "^1.0.0"

standard-as-callback@^2.0.1:
  version "2.0.1"
  resolved "https://registry.npm.taobao.org/standard-as-callback/download/standard-as-callback-2.0.1.tgz#ed8bb25648e15831759b6023bdb87e6b60b38126"
  integrity sha1-7YuyVkjhWDF1m2Ajvbh+a2CzgSY=

typescript@^4.0.5:
  version "4.0.5"
  resolved "https://registry.npm.taobao.org/typescript/download/typescript-4.0.5.tgz#ae9dddfd1069f1cb5beb3ef3b2170dd7c1332389"
  integrity sha1-rp3d/RBp8ctb6z7zshcN18EzI4k=
